
Microsoft Visual Studio Solution File, Format Version 12.00
# Visual Studio Version 16
VisualStudioVersion = 16.0.30413.136
MinimumVisualStudioVersion = 10.0.40219.1
Project("{FAE04EC0-301F-11D3-BF4B-00C04F79EFBC}") = "SprocketOrderForm", "SprocketOrderForm\SprocketOrderForm.csproj", "{AA4EB4CC-F2EF-4E25-9264-55090319B9F7}"
EndProject
Global
	GlobalSection(SolutionConfigurationPlatforms) = preSolution
		Debug|Any CPU = Debug|Any CPU
		Release|Any CPU = Release|Any CPU
	EndGlobalSection
	GlobalSection(ProjectConfigurationPlatforms) = postSolution
		{AA4EB4CC-F2EF-4E25-9264-55090319B9F7}.Debug|Any CPU.ActiveCfg = Debug|Any CPU
		{AA4EB4CC-F2EF-4E25-9264-55090319B9F7}.Debug|Any CPU.Build.0 = Debug|Any CPU
		{AA4EB4CC-F2EF-4E25-9264-55090319B9F7}.Release|Any CPU.ActiveCfg = Release|Any CPU
		{AA4EB4CC-F2EF-4E25-9264-55090319B9F7}.Release|Any CPU.Build.0 = Release|Any CPU
	EndGlobalSection
	GlobalSection(SolutionProperties) = preSolution
		HideSolutionNode = FALSE
	EndGlobalSection
	GlobalSection(ExtensibilityGlobals) = postSolution
		SolutionGuid = {54636281-68D5-4B94-BBBD-356CE8BD5588}
	EndGlobalSection
EndGlobal
